
Microsoft Visual Studio Solution File, Format Version 12.00
# Visual Studio Version 16
VisualStudioVersion = 16.0.34729.46
MinimumVisualStudioVersion = 10.0.40219.1
Project("{FAE04EC0-301F-11D3-BF4B-00C04F79EFBC}") = "OnlineJobPortal", "OnlineJobPortal\OnlineJobPortal.csproj", "{EF5588C1-6DF0-41D7-BFC0-007B38AD6914}"
EndProject
Global
	GlobalSection(SolutionConfigurationPlatforms) = preSolution
		Debug|Any CPU = Debug|Any CPU
		Release|Any CPU = Release|Any CPU
	EndGlobalSection
	GlobalSection(ProjectConfigurationPlatforms) = postSolution
		{EF5588C1-6DF0-41D7-BFC0-007B38AD6914}.Debug|Any CPU.ActiveCfg = Debug|Any CPU
		{EF5588C1-6DF0-41D7-BFC0-007B38AD6914}.Debug|Any CPU.Build.0 = Debug|Any CPU
		{EF5588C1-6DF0-41D7-BFC0-007B38AD6914}.Release|Any CPU.ActiveCfg = Release|Any CPU
		{EF5588C1-6DF0-41D7-BFC0-007B38AD6914}.Release|Any CPU.Build.0 = Release|Any CPU
	EndGlobalSection
	GlobalSection(SolutionProperties) = preSolution
		HideSolutionNode = FALSE
	EndGlobalSection
	GlobalSection(ExtensibilityGlobals) = postSolution
		SolutionGuid = {5162DF25-0298-47D4-93CA-0F2ACB3C7BB2}
	EndGlobalSection
EndGlobal
